
Microsoft Visual Studio Solution File, Format Version 12.00
# Visual Studio Version 17
VisualStudioVersion = 17.9.34526.213
MinimumVisualStudioVersion = 10.0.40219.1
Project("{9A19103F-16F7-4668-BE54-9A1E7A4F7556}") = "ZotFlightService", "ZotFlightService\ZotFlightService.csproj", "{05172005-5BA6-4153-8844-7BCC76EF8C9F}"
EndProject
Project("{9A19103F-16F7-4668-BE54-9A1E7A4F7556}") = "FlyZenService", "FlyZenService\FlyZenService.csproj", "{7CAF2956-1DE1-42DA-99F2-0E949661471A}"
EndProject
Project("{9A19103F-16F7-4668-BE54-9A1E7A4F7556}") = "Aggregator", "Aggregator\Aggregator.csproj", "{733F9C95-F73F-4DE2-AD27-CBEEBF2F925F}"
EndProject
Global
	GlobalSection(SolutionConfigurationPlatforms) = preSolution
		Debug|Any CPU = Debug|Any CPU
		Release|Any CPU = Release|Any CPU
	EndGlobalSection
	GlobalSection(ProjectConfigurationPlatforms) = postSolution
		{05172005-5BA6-4153-8844-7BCC76EF8C9F}.Debug|Any CPU.ActiveCfg = Debug|Any CPU
		{05172005-5BA6-4153-8844-7BCC76EF8C9F}.Debug|Any CPU.Build.0 = Debug|Any CPU
		{05172005-5BA6-4153-8844-7BCC76EF8C9F}.Release|Any CPU.ActiveCfg = Release|Any CPU
		{05172005-5BA6-4153-8844-7BCC76EF8C9F}.Release|Any CPU.Build.0 = Release|Any CPU
		{7CAF2956-1DE1-42DA-99F2-0E949661471A}.Debug|Any CPU.ActiveCfg = Debug|Any CPU
		{7CAF2956-1DE1-42DA-99F2-0E949661471A}.Debug|Any CPU.Build.0 = Debug|Any CPU
		{7CAF2956-1DE1-42DA-99F2-0E949661471A}.Release|Any CPU.ActiveCfg = Release|Any CPU
		{7CAF2956-1DE1-42DA-99F2-0E949661471A}.Release|Any CPU.Build.0 = Release|Any CPU
		{733F9C95-F73F-4DE2-AD27-CBEEBF2F925F}.Debug|Any CPU.ActiveCfg = Debug|Any CPU
		{733F9C95-F73F-4DE2-AD27-CBEEBF2F925F}.Debug|Any CPU.Build.0 = Debug|Any CPU
		{733F9C95-F73F-4DE2-AD27-CBEEBF2F925F}.Release|Any CPU.ActiveCfg = Release|Any CPU
		{733F9C95-F73F-4DE2-AD27-CBEEBF2F925F}.Release|Any CPU.Build.0 = Release|Any CPU
	EndGlobalSection
	GlobalSection(SolutionProperties) = preSolution
		HideSolutionNode = FALSE
	EndGlobalSection
	GlobalSection(ExtensibilityGlobals) = postSolution
		SolutionGuid = {B80B61F9-E797-443F-A361-1F2DA523ACA9}
	EndGlobalSection
EndGlobal
